// !$*UTF8*$!
{
	archiveVersion = 1;
	classes = {
	};
	objectVersion = 56;
	objects = {

/* Begin PBXBuildFile section */
		03506AAF2BFB581F001D1DBC /* APIHelper.swift in Sources */ = {isa = PBXBuildFile; fileRef = 03506AAE2BFB581F001D1DBC /* APIHelper.swift */; };
		03506AB22BFB5A36001D1DBC /* Alamofire in Frameworks */ = {isa = PBXBuildFile; productRef = 03506AB12BFB5A36001D1DBC /* Alamofire */; };
		037DA1762BFA74E600F73F80 /* WeatherAppApp.swift in Sources */ = {isa = PBXBuildFile; fileRef = 037DA1752BFA74E600F73F80 /* WeatherAppApp.swift */; };
		037DA17A2BFA74E700F73F80 /* Assets.xcassets in Resources */ = {isa = PBXBuildFile; fileRef = 037DA1792BFA74E700F73F80 /* Assets.xcassets */; };
		037DA17D2BFA74E700F73F80 /* Preview Assets.xcassets in Resources */ = {isa = PBXBuildFile; fileRef = 037DA17C2BFA74E700F73F80 /* Preview Assets.xcassets */; };
		03C77DDC2BFB64A50099BD22 /* HomeScreen.swift in Sources */ = {isa = PBXBuildFile; fileRef = 03C77DDB2BFB64A50099BD22 /* HomeScreen.swift */; };
		03C77DE22BFB64D80099BD22 /* WeatherModel.swift in Sources */ = {isa = PBXBuildFile; fileRef = 03C77DE12BFB64D80099BD22 /* WeatherModel.swift */; };
		03C77DE42BFB83630099BD22 /* NetworkHandler.swift in Sources */ = {isa = PBXBuildFile; fileRef = 03C77DE32BFB83630099BD22 /* NetworkHandler.swift */; };
		03C77E2C2BFB91AA0099BD22 /* HomeScreenViewModel.swift in Sources */ = {isa = PBXBuildFile; fileRef = 03C77E2B2BFB91AA0099BD22 /* HomeScreenViewModel.swift */; };
		03C77E322BFBB7420099BD22 /* ForecastDayView.swift in Sources */ = {isa = PBXBuildFile; fileRef = 03C77E312BFBB7420099BD22 /* ForecastDayView.swift */; };
		03C77E352BFBBA1A0099BD22 /* Helper.swift in Sources */ = {isa = PBXBuildFile; fileRef = 03C77E342BFBBA1A0099BD22 /* Helper.swift */; };
		03C77E382BFBBEA10099BD22 /* SDWebImageSwiftUI in Frameworks */ = {isa = PBXBuildFile; productRef = 03C77E372BFBBEA10099BD22 /* SDWebImageSwiftUI */; };
		03C77E3A2BFBC2D30099BD22 /* CurrentWeatherDetailsView.swift in Sources */ = {isa = PBXBuildFile; fileRef = 03C77E392BFBC2D30099BD22 /* CurrentWeatherDetailsView.swift */; };
		03C77E402BFBCB4F0099BD22 /* DetailsScreen.swift in Sources */ = {isa = PBXBuildFile; fileRef = 03C77E3F2BFBCB4F0099BD22 /* DetailsScreen.swift */; };
		03C77E422BFBCBAD0099BD22 /* DetailsItem.swift in Sources */ = {isa = PBXBuildFile; fileRef = 03C77E412BFBCBAD0099BD22 /* DetailsItem.swift */; };
/* End PBXBuildFile section */

/* Begin PBXFileReference section */
		03506AAE2BFB581F001D1DBC /* APIHelper.swift */ = {isa = PBXFileReference; lastKnownFileType = sourcecode.swift; path = APIHelper.swift; sourceTree = "<group>"; };
		03506AB32BFB5A9B001D1DBC /* Info.plist */ = {isa = PBXFileReference; lastKnownFileType = text.plist.xml; path = Info.plist; sourceTree = "<group>"; };
		037DA1722BFA74E600F73F80 /* WeatherApp.app */ = {isa = PBXFileReference; explicitFileType = wrapper.application; includeInIndex = 0; path = WeatherApp.app; sourceTree = BUILT_PRODUCTS_DIR; };
		037DA1752BFA74E600F73F80 /* WeatherAppApp.swift */ = {isa = PBXFileReference; lastKnownFileType = sourcecode.swift; path = WeatherAppApp.swift; sourceTree = "<group>"; };
		037DA1792BFA74E700F73F80 /* Assets.xcassets */ = {isa = PBXFileReference; lastKnownFileType = folder.assetcatalog; path = Assets.xcassets; sourceTree = "<group>"; };
		037DA17C2BFA74E700F73F80 /* Preview Assets.xcassets */ = {isa = PBXFileReference; lastKnownFileType = folder.assetcatalog; path = "Preview Assets.xcassets"; sourceTree = "<group>"; };
		03C77DDB2BFB64A50099BD22 /* HomeScreen.swift */ = {isa = PBXFileReference; lastKnownFileType = sourcecode.swift; path = HomeScreen.swift; sourceTree = "<group>"; };
		03C77DE12BFB64D80099BD22 /* WeatherModel.swift */ = {isa = PBXFileReference; lastKnownFileType = sourcecode.swift; path = WeatherModel.swift; sourceTree = "<group>"; };
		03C77DE32BFB83630099BD22 /* NetworkHandler.swift */ = {isa = PBXFileReference; lastKnownFileType = sourcecode.swift; path = NetworkHandler.swift; sourceTree = "<group>"; };
		03C77E2B2BFB91AA0099BD22 /* HomeScreenViewModel.swift */ = {isa = PBXFileReference; lastKnownFileType = sourcecode.swift; path = HomeScreenViewModel.swift; sourceTree = "<group>"; };
		03C77E312BFBB7420099BD22 /* ForecastDayView.swift */ = {isa = PBXFileReference; lastKnownFileType = sourcecode.swift; path = ForecastDayView.swift; sourceTree = "<group>"; };
		03C77E342BFBBA1A0099BD22 /* Helper.swift */ = {isa = PBXFileReference; lastKnownFileType = sourcecode.swift; path = Helper.swift; sourceTree = "<group>"; };
		03C77E392BFBC2D30099BD22 /* CurrentWeatherDetailsView.swift */ = {isa = PBXFileReference; lastKnownFileType = sourcecode.swift; path = CurrentWeatherDetailsView.swift; sourceTree = "<group>"; };
		03C77E3F2BFBCB4F0099BD22 /* DetailsScreen.swift */ = {isa = PBXFileReference; lastKnownFileType = sourcecode.swift; path = DetailsScreen.swift; sourceTree = "<group>"; };
		03C77E412BFBCBAD0099BD22 /* DetailsItem.swift */ = {isa = PBXFileReference; lastKnownFileType = sourcecode.swift; path = DetailsItem.swift; sourceTree = "<group>"; };
/* End PBXFileReference section */

/* Begin PBXFrameworksBuildPhase section */
		037DA16F2BFA74E600F73F80 /* Frameworks */ = {
			isa = PBXFrameworksBuildPhase;
			buildActionMask = 2147483647;
			files = (
				03C77E382BFBBEA10099BD22 /* SDWebImageSwiftUI in Frameworks */,
				03506AB22BFB5A36001D1DBC /* Alamofire in Frameworks */,
			);
			runOnlyForDeploymentPostprocessing = 0;
		};
/* End PBXFrameworksBuildPhase section */

/* Begin PBXGroup section */
		03506AAD2BFB5810001D1DBC /* Services */ = {
			isa = PBXGroup;
			children = (
				03506AAE2BFB581F001D1DBC /* APIHelper.swift */,
				03C77DE32BFB83630099BD22 /* NetworkHandler.swift */,
			);
			path = Services;
			sourceTree = "<group>";
		};
		037DA1692BFA74E500F73F80 = {
			isa = PBXGroup;
			children = (
				037DA1742BFA74E600F73F80 /* WeatherApp */,
				037DA1732BFA74E600F73F80 /* Products */,
			);
			sourceTree = "<group>";
		};
		037DA1732BFA74E600F73F80 /* Products */ = {
			isa = PBXGroup;
			children = (
				037DA1722BFA74E600F73F80 /* WeatherApp.app */,
			);
			name = Products;
			sourceTree = "<group>";
		};
		037DA1742BFA74E600F73F80 /* WeatherApp */ = {
			isa = PBXGroup;
			children = (
				03C77E3B2BFBCB1F0099BD22 /* DetailsScreen */,
				03C77E332BFBBA090099BD22 /* Core */,
				03506AB32BFB5A9B001D1DBC /* Info.plist */,
				03C77DE62BFB83CC0099BD22 /* WeatherApp */,
				03C77DE52BFB83980099BD22 /* View */,
				03C77DDA2BFB64940099BD22 /* HomeScreen */,
				03506AAD2BFB5810001D1DBC /* Services */,
				037DA17B2BFA74E700F73F80 /* Preview Content */,
			);
			path = WeatherApp;
			sourceTree = "<group>";
		};
		037DA17B2BFA74E700F73F80 /* Preview Content */ = {
			isa = PBXGroup;
			children = (
				037DA17C2BFA74E700F73F80 /* Preview Assets.xcassets */,
			);
			path = "Preview Content";
			sourceTree = "<group>";
		};
		03C77DDA2BFB64940099BD22 /* HomeScreen */ = {
			isa = PBXGroup;
			children = (
				03C77DE02BFB64C20099BD22 /* ViewModel */,
				03C77DDF2BFB64BE0099BD22 /* View */,
				03C77DDE2BFB64AF0099BD22 /* Model */,
			);
			path = HomeScreen;
			sourceTree = "<group>";
		};
		03C77DDE2BFB64AF0099BD22 /* Model */ = {
			isa = PBXGroup;
			children = (
				03C77DE12BFB64D80099BD22 /* WeatherModel.swift */,
			);
			path = Model;
			sourceTree = "<group>";
		};
		03C77DDF2BFB64BE0099BD22 /* View */ = {
			isa = PBXGroup;
			children = (
				03C77DDB2BFB64A50099BD22 /* HomeScreen.swift */,
				03C77E312BFBB7420099BD22 /* ForecastDayView.swift */,
				03C77E392BFBC2D30099BD22 /* CurrentWeatherDetailsView.swift */,
			);
			path = View;
			sourceTree = "<group>";
		};
		03C77DE02BFB64C20099BD22 /* ViewModel */ = {
			isa = PBXGroup;
			children = (
				03C77E2B2BFB91AA0099BD22 /* HomeScreenViewModel.swift */,
			);
			path = ViewModel;
			sourceTree = "<group>";
		};
		03C77DE52BFB83980099BD22 /* View */ = {
			isa = PBXGroup;
			children = (
				037DA1752BFA74E600F73F80 /* WeatherAppApp.swift */,
			);
			path = View;
			sourceTree = "<group>";
		};
		03C77DE62BFB83CC0099BD22 /* WeatherApp */ = {
			isa = PBXGroup;
			children = (
				037DA1792BFA74E700F73F80 /* Assets.xcassets */,
			);
			path = WeatherApp;
			sourceTree = "<group>";
		};
		03C77E332BFBBA090099BD22 /* Core */ = {
			isa = PBXGroup;
			children = (
				03C77E342BFBBA1A0099BD22 /* Helper.swift */,
			);
			path = Core;
			sourceTree = "<group>";
		};
		03C77E3B2BFBCB1F0099BD22 /* DetailsScreen */ = {
			isa = PBXGroup;
			children = (
				03C77E3C2BFBCB270099BD22 /* View */,
			);
			path = DetailsScreen;
			sourceTree = "<group>";
		};
		03C77E3C2BFBCB270099BD22 /* View */ = {
			isa = PBXGroup;
			children = (
				03C77E3F2BFBCB4F0099BD22 /* DetailsScreen.swift */,
				03C77E412BFBCBAD0099BD22 /* DetailsItem.swift */,
			);
			path = View;
			sourceTree = "<group>";
		};
/* End PBXGroup section */

/* Begin PBXNativeTarget section */
		037DA1712BFA74E600F73F80 /* WeatherApp */ = {
			isa = PBXNativeTarget;
			buildConfigurationList = 037DA1802BFA74E700F73F80 /* Build configuration list for PBXNativeTarget "WeatherApp" */;
			buildPhases = (
				037DA16E2BFA74E600F73F80 /* Sources */,
				037DA16F2BFA74E600F73F80 /* Frameworks */,
				037DA1702BFA74E600F73F80 /* Resources */,
			);
			buildRules = (
			);
			dependencies = (
			);
			name = WeatherApp;
			packageProductDependencies = (
				03506AB12BFB5A36001D1DBC /* Alamofire */,
				03C77E372BFBBEA10099BD22 /* SDWebImageSwiftUI */,
			);
			productName = WeatherApp;
			productReference = 037DA1722BFA74E600F73F80 /* WeatherApp.app */;
			productType = "com.apple.product-type.application";
		};
/* End PBXNativeTarget section */

/* Begin PBXProject section */
		037DA16A2BFA74E500F73F80 /* Project object */ = {
			isa = PBXProject;
			attributes = {
				BuildIndependentTargetsInParallel = 1;
				LastSwiftUpdateCheck = 1420;
				LastUpgradeCheck = 1420;
				TargetAttributes = {
					037DA1712BFA74E600F73F80 = {
						CreatedOnToolsVersion = 14.2;
					};
				};
			};
			buildConfigurationList = 037DA16D2BFA74E500F73F80 /* Build configuration list for PBXProject "WeatherApp" */;
			compatibilityVersion = "Xcode 14.0";
			developmentRegion = en;
			hasScannedForEncodings = 0;
			knownRegions = (
				en,
				Base,
			);
			mainGroup = 037DA1692BFA74E500F73F80;
			packageReferences = (
				03506AB02BFB5A36001D1DBC /* XCRemoteSwiftPackageReference "Alamofire" */,
				03C77E362BFBBEA10099BD22 /* XCRemoteSwiftPackageReference "SDWebImageSwiftUI" */,
			);
			productRefGroup = 037DA1732BFA74E600F73F80 /* Products */;
			projectDirPath = "";
			projectRoot = "";
			targets = (
				037DA1712BFA74E600F73F80 /* WeatherApp */,
			);
		};
/* End PBXProject section */

/* Begin PBXResourcesBuildPhase section */
		037DA1702BFA74E600F73F80 /* Resources */ = {
			isa = PBXResourcesBuildPhase;
			buildActionMask = 2147483647;
			files = (
				037DA17D2BFA74E700F73F80 /* Preview Assets.xcassets in Resources */,
				037DA17A2BFA74E700F73F80 /* Assets.xcassets in Resources */,
			);
			runOnlyForDeploymentPostprocessing = 0;
		};
/* End PBXResourcesBuildPhase section */

/* Begin PBXSourcesBuildPhase section */
		037DA16E2BFA74E600F73F80 /* Sources */ = {
			isa = PBXSourcesBuildPhase;
			buildActionMask = 2147483647;
			files = (
				03C77E322BFBB7420099BD22 /* ForecastDayView.swift in Sources */,
				03506AAF2BFB581F001D1DBC /* APIHelper.swift in Sources */,
				03C77E402BFBCB4F0099BD22 /* DetailsScreen.swift in Sources */,
				03C77E2C2BFB91AA0099BD22 /* HomeScreenViewModel.swift in Sources */,
				03C77E422BFBCBAD0099BD22 /* DetailsItem.swift in Sources */,
				03C77DDC2BFB64A50099BD22 /* HomeScreen.swift in Sources */,
				037DA1762BFA74E600F73F80 /* WeatherAppApp.swift in Sources */,
				03C77E3A2BFBC2D30099BD22 /* CurrentWeatherDetailsView.swift in Sources */,
				03C77E352BFBBA1A0099BD22 /* Helper.swift in Sources */,
				03C77DE22BFB64D80099BD22 /* WeatherModel.swift in Sources */,
				03C77DE42BFB83630099BD22 /* NetworkHandler.swift in Sources */,
			);
			runOnlyForDeploymentPostprocessing = 0;
		};
/* End PBXSourcesBuildPhase section */

/* Begin XCBuildConfiguration section */
		037DA17E2BFA74E700F73F80 /* Debug */ = {
			isa = XCBuildConfiguration;
			buildSettings = {
				ALWAYS_SEARCH_USER_PATHS = NO;
				CLANG_ANALYZER_NONNULL = YES;
				CLANG_ANALYZER_NUMBER_OBJECT_CONVERSION = YES_AGGRESSIVE;
				CLANG_CXX_LANGUAGE_STANDARD = "gnu++20";
				CLANG_ENABLE_MODULES = YES;
				CLANG_ENABLE_OBJC_ARC = YES;
				CLANG_ENABLE_OBJC_WEAK = YES;
				CLANG_WARN_BLOCK_CAPTURE_AUTORELEASING = YES;
				CLANG_WARN_BOOL_CONVERSION = YES;
				CLANG_WARN_COMMA = YES;
				CLANG_WARN_CONSTANT_CONVERSION = YES;
				CLANG_WARN_DEPRECATED_OBJC_IMPLEMENTATIONS = YES;
				CLANG_WARN_DIRECT_OBJC_ISA_USAGE = YES_ERROR;
				CLANG_WARN_DOCUMENTATION_COMMENTS = YES;
				CLANG_WARN_EMPTY_BODY = YES;
				CLANG_WARN_ENUM_CONVERSION = YES;
				CLANG_WARN_INFINITE_RECURSION = YES;
				CLANG_WARN_INT_CONVERSION = YES;
				CLANG_WARN_NON_LITERAL_NULL_CONVERSION = YES;
				CLANG_WARN_OBJC_IMPLICIT_RETAIN_SELF = YES;
				CLANG_WARN_OBJC_LITERAL_CONVERSION = YES;
				CLANG_WARN_OBJC_ROOT_CLASS = YES_ERROR;
				CLANG_WARN_QUOTED_INCLUDE_IN_FRAMEWORK_HEADER = YES;
				CLANG_WARN_RANGE_LOOP_ANALYSIS = YES;
				CLANG_WARN_STRICT_PROTOTYPES = YES;
				CLANG_WARN_SUSPICIOUS_MOVE = YES;
				CLANG_WARN_UNGUARDED_AVAILABILITY = YES_AGGRESSIVE;
				CLANG_WARN_UNREACHABLE_CODE = YES;
				CLANG_WARN__DUPLICATE_METHOD_MATCH = YES;
				COPY_PHASE_STRIP = NO;
				DEBUG_INFORMATION_FORMAT = dwarf;
				ENABLE_STRICT_OBJC_MSGSEND = YES;
				ENABLE_TESTABILITY = YES;
				GCC_C_LANGUAGE_STANDARD = gnu11;
				GCC_DYNAMIC_NO_PIC = NO;
				GCC_NO_COMMON_BLOCKS = YES;
				GCC_OPTIMIZATION_LEVEL = 0;
				GCC_PREPROCESSOR_DEFINITIONS = (
					"DEBUG=1",
					"$(inherited)",
				);
				GCC_WARN_64_TO_32_BIT_CONVERSION = YES;
				GCC_WARN_ABOUT_RETURN_TYPE = YES_ERROR;
				GCC_WARN_UNDECLARED_SELECTOR = YES;
				GCC_WARN_UNINITIALIZED_AUTOS = YES_AGGRESSIVE;
				GCC_WARN_UNUSED_FUNCTION = YES;
				GCC_WARN_UNUSED_VARIABLE = YES;
				IPHONEOS_DEPLOYMENT_TARGET = 16.2;
				MTL_ENABLE_DEBUG_INFO = INCLUDE_SOURCE;
				MTL_FAST_MATH = YES;
				ONLY_ACTIVE_ARCH = YES;
				SDKROOT = iphoneos;
				SWIFT_ACTIVE_COMPILATION_CONDITIONS = DEBUG;
				SWIFT_OPTIMIZATION_LEVEL = "-Onone";
			};
			name = Debug;
		};
		037DA17F2BFA74E700F73F80 /* Release */ = {
			isa = XCBuildConfiguration;
			buildSettings = {
				ALWAYS_SEARCH_USER_PATHS = NO;
				CLANG_ANALYZER_NONNULL = YES;
				CLANG_ANALYZER_NUMBER_OBJECT_CONVERSION = YES_AGGRESSIVE;
				CLANG_CXX_LANGUAGE_STANDARD = "gnu++20";
				CLANG_ENABLE_MODULES = YES;
				CLANG_ENABLE_OBJC_ARC = YES;
				CLANG_ENABLE_OBJC_WEAK = YES;
				CLANG_WARN_BLOCK_CAPTURE_AUTORELEASING = YES;
				CLANG_WARN_BOOL_CONVERSION = YES;
				CLANG_WARN_COMMA = YES;
				CLANG_WARN_CONSTANT_CONVERSION = YES;
				CLANG_WARN_DEPRECATED_OBJC_IMPLEMENTATIONS = YES;
				CLANG_WARN_DIRECT_OBJC_ISA_USAGE = YES_ERROR;
				CLANG_WARN_DOCUMENTATION_COMMENTS = YES;
				CLANG_WARN_EMPTY_BODY = YES;
				CLANG_WARN_ENUM_CONVERSION = YES;
				CLANG_WARN_INFINITE_RECURSION = YES;
				CLANG_WARN_INT_CONVERSION = YES;
				CLANG_WARN_NON_LITERAL_NULL_CONVERSION = YES;
				CLANG_WARN_OBJC_IMPLICIT_RETAIN_SELF = YES;
				CLANG_WARN_OBJC_LITERAL_CONVERSION = YES;
				CLANG_WARN_OBJC_ROOT_CLASS = YES_ERROR;
				CLANG_WARN_QUOTED_INCLUDE_IN_FRAMEWORK_HEADER = YES;
				CLANG_WARN_RANGE_LOOP_ANALYSIS = YES;
				CLANG_WARN_STRICT_PROTOTYPES = YES;
				CLANG_WARN_SUSPICIOUS_MOVE = YES;
				CLANG_WARN_UNGUARDED_AVAILABILITY = YES_AGGRESSIVE;
				CLANG_WARN_UNREACHABLE_CODE = YES;
				CLANG_WARN__DUPLICATE_METHOD_MATCH = YES;
				COPY_PHASE_STRIP = NO;
				DEBUG_INFORMATION_FORMAT = "dwarf-with-dsym";
				ENABLE_NS_ASSERTIONS = NO;
				ENABLE_STRICT_OBJC_MSGSEND = YES;
				GCC_C_LANGUAGE_STANDARD = gnu11;
				GCC_NO_COMMON_BLOCKS = YES;
				GCC_WARN_64_TO_32_BIT_CONVERSION = YES;
				GCC_WARN_ABOUT_RETURN_TYPE = YES_ERROR;
				GCC_WARN_UNDECLARED_SELECTOR = YES;
				GCC_WARN_UNINITIALIZED_AUTOS = YES_AGGRESSIVE;
				GCC_WARN_UNUSED_FUNCTION = YES;
				GCC_WARN_UNUSED_VARIABLE = YES;
				IPHONEOS_DEPLOYMENT_TARGET = 16.2;
				MTL_ENABLE_DEBUG_INFO = NO;
				MTL_FAST_MATH = YES;
				SDKROOT = iphoneos;
				SWIFT_COMPILATION_MODE = wholemodule;
				SWIFT_OPTIMIZATION_LEVEL = "-O";
				VALIDATE_PRODUCT = YES;
			};
			name = Release;
		};
		037DA1812BFA74E700F73F80 /* Debug */ = {
			isa = XCBuildConfiguration;
			buildSettings = {
				ASSETCATALOG_COMPILER_APPICON_NAME = AppIcon;
				ASSETCATALOG_COMPILER_GLOBAL_ACCENT_COLOR_NAME = AccentColor;
				CODE_SIGN_STYLE = Automatic;
				CURRENT_PROJECT_VERSION = 1;
				DEVELOPMENT_ASSET_PATHS = "\"WeatherApp/Preview Content\"";
				ENABLE_PREVIEWS = YES;
				GENERATE_INFOPLIST_FILE = YES;
				INFOPLIST_FILE = WeatherApp/Info.plist;
				INFOPLIST_KEY_NSLocationAlwaysAndWhenInUseUsageDescription = "This app needs your location to get weather";
				INFOPLIST_KEY_NSLocationAlwaysUsageDescription = "This app needs your location to get weather";
				INFOPLIST_KEY_NSLocationWhenInUseUsageDescription = "This app needs your location to get weather";
				INFOPLIST_KEY_UIApplicationSceneManifest_Generation = YES;
				INFOPLIST_KEY_UIApplicationSupportsIndirectInputEvents = YES;
				INFOPLIST_KEY_UILaunchScreen_Generation = YES;
				INFOPLIST_KEY_UISupportedInterfaceOrientations_iPad = "UIInterfaceOrientationPortrait UIInterfaceOrientationPortraitUpsideDown UIInterfaceOrientationLandscapeLeft UIInterfaceOrientationLandscapeRight";
				INFOPLIST_KEY_UISupportedInterfaceOrientations_iPhone = "UIInterfaceOrientationPortrait UIInterfaceOrientationLandscapeLeft UIInterfaceOrientationLandscapeRight";
				LD_RUNPATH_SEARCH_PATHS = (
					"$(inherited)",
					"@executable_path/Frameworks",
				);
				MARKETING_VERSION = 1.0;
				PRODUCT_BUNDLE_IDENTIFIER = sam.WeatherApp;
				PRODUCT_NAME = "$(TARGET_NAME)";
				SWIFT_EMIT_LOC_STRINGS = YES;
				SWIFT_VERSION = 5.0;
				TARGETED_DEVICE_FAMILY = "1,2";
			};
			name = Debug;
		};
		037DA1822BFA74E700F73F80 /* Release */ = {
			isa = XCBuildConfiguration;
			buildSettings = {
				ASSETCATALOG_COMPILER_APPICON_NAME = AppIcon;
				ASSETCATALOG_COMPILER_GLOBAL_ACCENT_COLOR_NAME = AccentColor;
				CODE_SIGN_STYLE = Automatic;
				CURRENT_PROJECT_VERSION = 1;
				DEVELOPMENT_ASSET_PATHS = "\"WeatherApp/Preview Content\"";
				ENABLE_PREVIEWS = YES;
				GENERATE_INFOPLIST_FILE = YES;
				INFOPLIST_FILE = WeatherApp/Info.plist;
				INFOPLIST_KEY_NSLocationAlwaysAndWhenInUseUsageDescription = "This app needs your location to get weather";
				INFOPLIST_KEY_NSLocationAlwaysUsageDescription = "This app needs your location to get weather";
				INFOPLIST_KEY_NSLocationWhenInUseUsageDescription = "This app needs your location to get weather";
				INFOPLIST_KEY_UIApplicationSceneManifest_Generation = YES;
				INFOPLIST_KEY_UIApplicationSupportsIndirectInputEvents = YES;
				INFOPLIST_KEY_UILaunchScreen_Generation = YES;
				INFOPLIST_KEY_UISupportedInterfaceOrientations_iPad = "UIInterfaceOrientationPortrait UIInterfaceOrientationPortraitUpsideDown UIInterfaceOrientationLandscapeLeft UIInterfaceOrientationLandscapeRight";
				INFOPLIST_KEY_UISupportedInterfaceOrientations_iPhone = "UIInterfaceOrientationPortrait UIInterfaceOrientationLandscapeLeft UIInterfaceOrientationLandscapeRight";
				LD_RUNPATH_SEARCH_PATHS = (
					"$(inherited)",
					"@executable_path/Frameworks",
				);
				MARKETING_VERSION = 1.0;
				PRODUCT_BUNDLE_IDENTIFIER = sam.WeatherApp;
				PRODUCT_NAME = "$(TARGET_NAME)";
				SWIFT_EMIT_LOC_STRINGS = YES;
				SWIFT_VERSION = 5.0;
				TARGETED_DEVICE_FAMILY = "1,2";
			};
			name = Release;
		};
/* End XCBuildConfiguration section */

/* Begin XCConfigurationList section */
		037DA16D2BFA74E500F73F80 /* Build configuration list for PBXProject "WeatherApp" */ = {
			isa = XCConfigurationList;
			buildConfigurations = (
				037DA17E2BFA74E700F73F80 /* Debug */,
				037DA17F2BFA74E700F73F80 /* Release */,
			);
			defaultConfigurationIsVisible = 0;
			defaultConfigurationName = Release;
		};
		037DA1802BFA74E700F73F80 /* Build configuration list for PBXNativeTarget "WeatherApp" */ = {
			isa = XCConfigurationList;
			buildConfigurations = (
				037DA1812BFA74E700F73F80 /* Debug */,
				037DA1822BFA74E700F73F80 /* Release */,
			);
			defaultConfigurationIsVisible = 0;
			defaultConfigurationName = Release;
		};
/* End XCConfigurationList section */

/* Begin XCRemoteSwiftPackageReference section */
		03506AB02BFB5A36001D1DBC /* XCRemoteSwiftPackageReference "Alamofire" */ = {
			isa = XCRemoteSwiftPackageReference;
			repositoryURL = "https://github.com/Alamofire/Alamofire";
			requirement = {
				kind = upToNextMajorVersion;
				minimumVersion = 5.0.0;
			};
		};
		03C77E362BFBBEA10099BD22 /* XCRemoteSwiftPackageReference "SDWebImageSwiftUI" */ = {
			isa = XCRemoteSwiftPackageReference;
			repositoryURL = "https://github.com/SDWebImage/SDWebImageSwiftUI.git";
			requirement = {
				kind = upToNextMajorVersion;
				minimumVersion = 3.0.0;
			};
		};
/* End XCRemoteSwiftPackageReference section */

/* Begin XCSwiftPackageProductDependency section */
		03506AB12BFB5A36001D1DBC /* Alamofire */ = {
			isa = XCSwiftPackageProductDependency;
			package = 03506AB02BFB5A36001D1DBC /* XCRemoteSwiftPackageReference "Alamofire" */;
			productName = Alamofire;
		};
		03C77E372BFBBEA10099BD22 /* SDWebImageSwiftUI */ = {
			isa = XCSwiftPackageProductDependency;
			package = 03C77E362BFBBEA10099BD22 /* XCRemoteSwiftPackageReference "SDWebImageSwiftUI" */;
			productName = SDWebImageSwiftUI;
		};
/* End XCSwiftPackageProductDependency section */
	};
	rootObject = 037DA16A2BFA74E500F73F80 /* Project object */;
}
